
Microsoft Visual Studio Solution File, Format Version 12.00
# Visual Studio 15
VisualStudioVersion = 15.0.28010.2016
MinimumVisualStudioVersion = 10.0.40219.1
Project("{FAE04EC0-301F-11D3-BF4B-00C04F79EFBC}") = "Coworking.Api", "Coworking.Api\Coworking.Api.csproj", "{02E79217-9CE5-4139-94C2-8C7906930CFE}"
EndProject
Project("{2150E333-8FDC-42A3-9474-1A3956D46DE8}") = "1 - Layers", "1 - Layers", "{FE0954E3-9C96-480A-A8D6-77F61A218DB7}"
EndProject
Project("{2150E333-8FDC-42A3-9474-1A3956D46DE8}") = "1.1 Distributed Services", "1.1 Distributed Services", "{E7B9E958-F308-4EA7-ADE8-7EE72FC22FE9}"
EndProject
Project("{2150E333-8FDC-42A3-9474-1A3956D46DE8}") = "1.2 Application", "1.2 Application", "{B3FEF9F2-14CC-49D0-9DFA-7CB2162F8D91}"
EndProject
Project("{FAE04EC0-301F-11D3-BF4B-00C04F79EFBC}") = "Coworking.Api.Application", "Coworking.Api.Application\Coworking.Api.Application.csproj", "{C7B37678-F3F0-4AD9-9662-6C6B582F441C}"
EndProject
Project("{FAE04EC0-301F-11D3-BF4B-00C04F79EFBC}") = "Coworking.Api.Application.Contracts", "Coworking.Api.Application.Contracts\Coworking.Api.Application.Contracts.csproj", "{3103CECE-CA2B-4C9B-87E8-E24B3F1A0DB8}"
EndProject
Project("{FAE04EC0-301F-11D3-BF4B-00C04F79EFBC}") = "Coworking.Api.Application.Tests", "Coworking.Api.Application.Tests\Coworking.Api.Application.Tests.csproj", "{18C95F53-2AE7-4D9A-8C1E-D096B8F10D71}"
EndProject
Project("{2150E333-8FDC-42A3-9474-1A3956D46DE8}") = "1.3 Business", "1.3 Business", "{6204074F-3051-4491-B742-D46C7F900191}"
EndProject
Project("{FAE04EC0-301F-11D3-BF4B-00C04F79EFBC}") = "Coworking.Api.Business", "Coworking.Api.Business\Coworking.Api.Business.csproj", "{77727240-F6AC-411D-BE83-71B27B23A92D}"
EndProject
Project("{2150E333-8FDC-42A3-9474-1A3956D46DE8}") = "1.4 DataAcces", "1.4 DataAcces", "{2271A374-E2D4-4EFC-BFE4-ED0BE416B469}"
EndProject
Project("{FAE04EC0-301F-11D3-BF4B-00C04F79EFBC}") = "Coworking.Api.DataAcces", "Coworking.Api.DataAcces\Coworking.Api.DataAcces.csproj", "{CB9E42D1-F6A8-4230-BFD2-C7525F4F7017}"
EndProject
Project("{FAE04EC0-301F-11D3-BF4B-00C04F79EFBC}") = "Coworking,Api.DataAcces.Contracts", "Coworking,Api.DataAcces.Contracts\Coworking,Api.DataAcces.Contracts.csproj", "{E157B62C-2A8B-418B-9429-B0DD40222CEB}"
EndProject
Project("{2150E333-8FDC-42A3-9474-1A3956D46DE8}") = "1.5 Cross-Cutting", "1.5 Cross-Cutting", "{A24FAEC3-B5F0-4EC7-BEB9-CEA88377862A}"
EndProject
Project("{FAE04EC0-301F-11D3-BF4B-00C04F79EFBC}") = "Coworking.Api.CrossCutting", "Coworking.Api.CrossCutting\Coworking.Api.CrossCutting.csproj", "{6564D2BF-BD3A-4645-A789-75BC1B5E8638}"
EndProject
Project("{2150E333-8FDC-42A3-9474-1A3956D46DE8}") = "Mappers", "Mappers", "{83CCDD6B-385F-4162-8A14-4CA1255645DE}"
EndProject
Global
	GlobalSection(SolutionConfigurationPlatforms) = preSolution
		Debug|Any CPU = Debug|Any CPU
		Release|Any CPU = Release|Any CPU
	EndGlobalSection
	GlobalSection(ProjectConfigurationPlatforms) = postSolution
		{02E79217-9CE5-4139-94C2-8C7906930CFE}.Debug|Any CPU.ActiveCfg = Debug|Any CPU
		{02E79217-9CE5-4139-94C2-8C7906930CFE}.Debug|Any CPU.Build.0 = Debug|Any CPU
		{02E79217-9CE5-4139-94C2-8C7906930CFE}.Release|Any CPU.ActiveCfg = Release|Any CPU
		{02E79217-9CE5-4139-94C2-8C7906930CFE}.Release|Any CPU.Build.0 = Release|Any CPU
		{C7B37678-F3F0-4AD9-9662-6C6B582F441C}.Debug|Any CPU.ActiveCfg = Debug|Any CPU
		{C7B37678-F3F0-4AD9-9662-6C6B582F441C}.Debug|Any CPU.Build.0 = Debug|Any CPU
		{C7B37678-F3F0-4AD9-9662-6C6B582F441C}.Release|Any CPU.ActiveCfg = Release|Any CPU
		{C7B37678-F3F0-4AD9-9662-6C6B582F441C}.Release|Any CPU.Build.0 = Release|Any CPU
		{3103CECE-CA2B-4C9B-87E8-E24B3F1A0DB8}.Debug|Any CPU.ActiveCfg = Debug|Any CPU
		{3103CECE-CA2B-4C9B-87E8-E24B3F1A0DB8}.Debug|Any CPU.Build.0 = Debug|Any CPU
		{3103CECE-CA2B-4C9B-87E8-E24B3F1A0DB8}.Release|Any CPU.ActiveCfg = Release|Any CPU
		{3103CECE-CA2B-4C9B-87E8-E24B3F1A0DB8}.Release|Any CPU.Build.0 = Release|Any CPU
		{18C95F53-2AE7-4D9A-8C1E-D096B8F10D71}.Debug|Any CPU.ActiveCfg = Debug|Any CPU
		{18C95F53-2AE7-4D9A-8C1E-D096B8F10D71}.Debug|Any CPU.Build.0 = Debug|Any CPU
		{18C95F53-2AE7-4D9A-8C1E-D096B8F10D71}.Release|Any CPU.ActiveCfg = Release|Any CPU
		{18C95F53-2AE7-4D9A-8C1E-D096B8F10D71}.Release|Any CPU.Build.0 = Release|Any CPU
		{77727240-F6AC-411D-BE83-71B27B23A92D}.Debug|Any CPU.ActiveCfg = Debug|Any CPU
		{77727240-F6AC-411D-BE83-71B27B23A92D}.Debug|Any CPU.Build.0 = Debug|Any CPU
		{77727240-F6AC-411D-BE83-71B27B23A92D}.Release|Any CPU.ActiveCfg = Release|Any CPU
		{77727240-F6AC-411D-BE83-71B27B23A92D}.Release|Any CPU.Build.0 = Release|Any CPU
		{CB9E42D1-F6A8-4230-BFD2-C7525F4F7017}.Debug|Any CPU.ActiveCfg = Debug|Any CPU
		{CB9E42D1-F6A8-4230-BFD2-C7525F4F7017}.Debug|Any CPU.Build.0 = Debug|Any CPU
		{CB9E42D1-F6A8-4230-BFD2-C7525F4F7017}.Release|Any CPU.ActiveCfg = Release|Any CPU
		{CB9E42D1-F6A8-4230-BFD2-C7525F4F7017}.Release|Any CPU.Build.0 = Release|Any CPU
		{E157B62C-2A8B-418B-9429-B0DD40222CEB}.Debug|Any CPU.ActiveCfg = Debug|Any CPU
		{E157B62C-2A8B-418B-9429-B0DD40222CEB}.Debug|Any CPU.Build.0 = Debug|Any CPU
		{E157B62C-2A8B-418B-9429-B0DD40222CEB}.Release|Any CPU.ActiveCfg = Release|Any CPU
		{E157B62C-2A8B-418B-9429-B0DD40222CEB}.Release|Any CPU.Build.0 = Release|Any CPU
		{6564D2BF-BD3A-4645-A789-75BC1B5E8638}.Debug|Any CPU.ActiveCfg = Debug|Any CPU
		{6564D2BF-BD3A-4645-A789-75BC1B5E8638}.Debug|Any CPU.Build.0 = Debug|Any CPU
		{6564D2BF-BD3A-4645-A789-75BC1B5E8638}.Release|Any CPU.ActiveCfg = Release|Any CPU
		{6564D2BF-BD3A-4645-A789-75BC1B5E8638}.Release|Any CPU.Build.0 = Release|Any CPU
	EndGlobalSection
	GlobalSection(SolutionProperties) = preSolution
		HideSolutionNode = FALSE
	EndGlobalSection
	GlobalSection(NestedProjects) = preSolution
		{02E79217-9CE5-4139-94C2-8C7906930CFE} = {E7B9E958-F308-4EA7-ADE8-7EE72FC22FE9}
		{E7B9E958-F308-4EA7-ADE8-7EE72FC22FE9} = {FE0954E3-9C96-480A-A8D6-77F61A218DB7}
		{B3FEF9F2-14CC-49D0-9DFA-7CB2162F8D91} = {FE0954E3-9C96-480A-A8D6-77F61A218DB7}
		{C7B37678-F3F0-4AD9-9662-6C6B582F441C} = {B3FEF9F2-14CC-49D0-9DFA-7CB2162F8D91}
		{3103CECE-CA2B-4C9B-87E8-E24B3F1A0DB8} = {B3FEF9F2-14CC-49D0-9DFA-7CB2162F8D91}
		{18C95F53-2AE7-4D9A-8C1E-D096B8F10D71} = {B3FEF9F2-14CC-49D0-9DFA-7CB2162F8D91}
		{6204074F-3051-4491-B742-D46C7F900191} = {FE0954E3-9C96-480A-A8D6-77F61A218DB7}
		{77727240-F6AC-411D-BE83-71B27B23A92D} = {6204074F-3051-4491-B742-D46C7F900191}
		{2271A374-E2D4-4EFC-BFE4-ED0BE416B469} = {FE0954E3-9C96-480A-A8D6-77F61A218DB7}
		{CB9E42D1-F6A8-4230-BFD2-C7525F4F7017} = {2271A374-E2D4-4EFC-BFE4-ED0BE416B469}
		{E157B62C-2A8B-418B-9429-B0DD40222CEB} = {2271A374-E2D4-4EFC-BFE4-ED0BE416B469}
		{A24FAEC3-B5F0-4EC7-BEB9-CEA88377862A} = {FE0954E3-9C96-480A-A8D6-77F61A218DB7}
		{6564D2BF-BD3A-4645-A789-75BC1B5E8638} = {A24FAEC3-B5F0-4EC7-BEB9-CEA88377862A}
		{83CCDD6B-385F-4162-8A14-4CA1255645DE} = {B3FEF9F2-14CC-49D0-9DFA-7CB2162F8D91}
	EndGlobalSection
	GlobalSection(ExtensibilityGlobals) = postSolution
		SolutionGuid = {C63026BD-07D0-44D8-949D-A29C18C9E1F1}
	EndGlobalSection
EndGlobal
